
Microsoft Visual Studio Solution File, Format Version 12.00
# Visual Studio Version 17
VisualStudioVersion = 17.5.002.0
MinimumVisualStudioVersion = 10.0.40219.1
Project("{9A19103F-16F7-4668-BE54-9A1E7A4F7556}") = "Event project", "Event project.csproj", "{13859E90-C706-4F37-AC87-140E1670F65A}"
EndProject
Global
	GlobalSection(SolutionConfigurationPlatforms) = preSolution
		Debug|Any CPU = Debug|Any CPU
		Release|Any CPU = Release|Any CPU
	EndGlobalSection
	GlobalSection(ProjectConfigurationPlatforms) = postSolution
		{13859E90-C706-4F37-AC87-140E1670F65A}.Debug|Any CPU.ActiveCfg = Debug|Any CPU
		{13859E90-C706-4F37-AC87-140E1670F65A}.Debug|Any CPU.Build.0 = Debug|Any CPU
		{13859E90-C706-4F37-AC87-140E1670F65A}.Release|Any CPU.ActiveCfg = Release|Any CPU
		{13859E90-C706-4F37-AC87-140E1670F65A}.Release|Any CPU.Build.0 = Release|Any CPU
	EndGlobalSection
	GlobalSection(SolutionProperties) = preSolution
		HideSolutionNode = FALSE
	EndGlobalSection
	GlobalSection(ExtensibilityGlobals) = postSolution
		SolutionGuid = {83EAA7EE-DB52-48A7-81F4-C9CB78A2F7EB}
	EndGlobalSection
EndGlobal
